// !$*UTF8*$!
{
	archiveVersion = 1;
	classes = {
	};
	objectVersion = 50;
	objects = {

/* Begin PBXBuildFile section */
		0693AD2F24EE353100908EC6 /* AppDelegate.swift in Sources */ = {isa = PBXBuildFile; fileRef = 0693AD2E24EE353100908EC6 /* AppDelegate.swift */; };
		0693AD3124EE353100908EC6 /* SceneDelegate.swift in Sources */ = {isa = PBXBuildFile; fileRef = 0693AD3024EE353100908EC6 /* SceneDelegate.swift */; };
		0693AD3324EE353100908EC6 /* ViewController.swift in Sources */ = {isa = PBXBuildFile; fileRef = 0693AD3224EE353100908EC6 /* ViewController.swift */; };
		0693AD3624EE353100908EC6 /* Main.storyboard in Resources */ = {isa = PBXBuildFile; fileRef = 0693AD3424EE353100908EC6 /* Main.storyboard */; };
		0693AD3824EE353200908EC6 /* Assets.xcassets in Resources */ = {isa = PBXBuildFile; fileRef = 0693AD3724EE353200908EC6 /* Assets.xcassets */; };
		0693AD3B24EE353200908EC6 /* LaunchScreen.storyboard in Resources */ = {isa = PBXBuildFile; fileRef = 0693AD3924EE353200908EC6 /* LaunchScreen.storyboard */; };
		0693AD4624EE353200908EC6 /* SaveMyDefaultsTests.swift in Sources */ = {isa = PBXBuildFile; fileRef = 0693AD4524EE353200908EC6 /* SaveMyDefaultsTests.swift */; };
		0693AD5124EE353200908EC6 /* SaveMyDefaultsUITests.swift in Sources */ = {isa = PBXBuildFile; fileRef = 0693AD5024EE353200908EC6 /* SaveMyDefaultsUITests.swift */; };
		0693AD5F24EE372F00908EC6 /* download-2.jpg in Resources */ = {isa = PBXBuildFile; fileRef = 0693AD5E24EE372F00908EC6 /* download-2.jpg */; };
/* End PBXBuildFile section */

/* Begin PBXContainerItemProxy section */
		0693AD4224EE353200908EC6 /* PBXContainerItemProxy */ = {
			isa = PBXContainerItemProxy;
			containerPortal = 0693AD2324EE353100908EC6 /* Project object */;
			proxyType = 1;
			remoteGlobalIDString = 0693AD2A24EE353100908EC6;
			remoteInfo = SaveMyDefaults;
		};
		0693AD4D24EE353200908EC6 /* PBXContainerItemProxy */ = {
			isa = PBXContainerItemProxy;
			containerPortal = 0693AD2324EE353100908EC6 /* Project object */;
			proxyType = 1;
			remoteGlobalIDString = 0693AD2A24EE353100908EC6;
			remoteInfo = SaveMyDefaults;
		};
/* End PBXContainerItemProxy section */

/* Begin PBXFileReference section */
		0693AD2B24EE353100908EC6 /* SaveMyDefaults.app */ = {isa = PBXFileReference; explicitFileType = wrapper.application; includeInIndex = 0; path = SaveMyDefaults.app; sourceTree = BUILT_PRODUCTS_DIR; };
		0693AD2E24EE353100908EC6 /* AppDelegate.swift */ = {isa = PBXFileReference; lastKnownFileType = sourcecode.swift; path = AppDelegate.swift; sourceTree = "<group>"; };
		0693AD3024EE353100908EC6 /* SceneDelegate.swift */ = {isa = PBXFileReference; lastKnownFileType = sourcecode.swift; path = SceneDelegate.swift; sourceTree = "<group>"; };
		0693AD3224EE353100908EC6 /* ViewController.swift */ = {isa = PBXFileReference; lastKnownFileType = sourcecode.swift; path = ViewController.swift; sourceTree = "<group>"; };
		0693AD3524EE353100908EC6 /* Base */ = {isa = PBXFileReference; lastKnownFileType = file.storyboard; name = Base; path = Base.lproj/Main.storyboard; sourceTree = "<group>"; };
		0693AD3724EE353200908EC6 /* Assets.xcassets */ = {isa = PBXFileReference; lastKnownFileType = folder.assetcatalog; path = Assets.xcassets; sourceTree = "<group>"; };
		0693AD3A24EE353200908EC6 /* Base */ = {isa = PBXFileReference; lastKnownFileType = file.storyboard; name = Base; path = Base.lproj/LaunchScreen.storyboard; sourceTree = "<group>"; };
		0693AD3C24EE353200908EC6 /* Info.plist */ = {isa = PBXFileReference; lastKnownFileType = text.plist.xml; path = Info.plist; sourceTree = "<group>"; };
		0693AD4124EE353200908EC6 /* SaveMyDefaultsTests.xctest */ = {isa = PBXFileReference; explicitFileType = wrapper.cfbundle; includeInIndex = 0; path = SaveMyDefaultsTests.xctest; sourceTree = BUILT_PRODUCTS_DIR; };
		0693AD4524EE353200908EC6 /* SaveMyDefaultsTests.swift */ = {isa = PBXFileReference; lastKnownFileType = sourcecode.swift; path = SaveMyDefaultsTests.swift; sourceTree = "<group>"; };
		0693AD4724EE353200908EC6 /* Info.plist */ = {isa = PBXFileReference; lastKnownFileType = text.plist.xml; path = Info.plist; sourceTree = "<group>"; };
		0693AD4C24EE353200908EC6 /* SaveMyDefaultsUITests.xctest */ = {isa = PBXFileReference; explicitFileType = wrapper.cfbundle; includeInIndex = 0; path = SaveMyDefaultsUITests.xctest; sourceTree = BUILT_PRODUCTS_DIR; };
		0693AD5024EE353200908EC6 /* SaveMyDefaultsUITests.swift */ = {isa = PBXFileReference; lastKnownFileType = sourcecode.swift; path = SaveMyDefaultsUITests.swift; sourceTree = "<group>"; };
		0693AD5224EE353200908EC6 /* Info.plist */ = {isa = PBXFileReference; lastKnownFileType = text.plist.xml; path = Info.plist; sourceTree = "<group>"; };
		0693AD5E24EE372F00908EC6 /* download-2.jpg */ = {isa = PBXFileReference; lastKnownFileType = image.jpeg; path = "download-2.jpg"; sourceTree = "<group>"; };
/* End PBXFileReference section */

/* Begin PBXFrameworksBuildPhase section */
		0693AD2824EE353100908EC6 /* Frameworks */ = {
			isa = PBXFrameworksBuildPhase;
			buildActionMask = 2147483647;
			files = (
			);
			runOnlyForDeploymentPostprocessing = 0;
		};
		0693AD3E24EE353200908EC6 /* Frameworks */ = {
			isa = PBXFrameworksBuildPhase;
			buildActionMask = 2147483647;
			files = (
			);
			runOnlyForDeploymentPostprocessing = 0;
		};
		0693AD4924EE353200908EC6 /* Frameworks */ = {
			isa = PBXFrameworksBuildPhase;
			buildActionMask = 2147483647;
			files = (
			);
			runOnlyForDeploymentPostprocessing = 0;
		};
/* End PBXFrameworksBuildPhase section */

/* Begin PBXGroup section */
		0693AD2224EE353100908EC6 = {
			isa = PBXGroup;
			children = (
				0693AD2D24EE353100908EC6 /* SaveMyDefaults */,
				0693AD4424EE353200908EC6 /* SaveMyDefaultsTests */,
				0693AD4F24EE353200908EC6 /* SaveMyDefaultsUITests */,
				0693AD2C24EE353100908EC6 /* Products */,
			);
			sourceTree = "<group>";
		};
		0693AD2C24EE353100908EC6 /* Products */ = {
			isa = PBXGroup;
			children = (
				0693AD2B24EE353100908EC6 /* SaveMyDefaults.app */,
				0693AD4124EE353200908EC6 /* SaveMyDefaultsTests.xctest */,
				0693AD4C24EE353200908EC6 /* SaveMyDefaultsUITests.xctest */,
			);
			name = Products;
			sourceTree = "<group>";
		};
		0693AD2D24EE353100908EC6 /* SaveMyDefaults */ = {
			isa = PBXGroup;
			children = (
				0693AD2E24EE353100908EC6 /* AppDelegate.swift */,
				0693AD3024EE353100908EC6 /* SceneDelegate.swift */,
				0693AD3224EE353100908EC6 /* ViewController.swift */,
				0693AD3424EE353100908EC6 /* Main.storyboard */,
				0693AD5E24EE372F00908EC6 /* download-2.jpg */,
				0693AD3724EE353200908EC6 /* Assets.xcassets */,
				0693AD3924EE353200908EC6 /* LaunchScreen.storyboard */,
				0693AD3C24EE353200908EC6 /* Info.plist */,
			);
			path = SaveMyDefaults;
			sourceTree = "<group>";
		};
		0693AD4424EE353200908EC6 /* SaveMyDefaultsTests */ = {
			isa = PBXGroup;
			children = (
				0693AD4524EE353200908EC6 /* SaveMyDefaultsTests.swift */,
				0693AD4724EE353200908EC6 /* Info.plist */,
			);
			path = SaveMyDefaultsTests;
			sourceTree = "<group>";
		};
		0693AD4F24EE353200908EC6 /* SaveMyDefaultsUITests */ = {
			isa = PBXGroup;
			children = (
				0693AD5024EE353200908EC6 /* SaveMyDefaultsUITests.swift */,
				0693AD5224EE353200908EC6 /* Info.plist */,
			);
			path = SaveMyDefaultsUITests;
			sourceTree = "<group>";
		};
/* End PBXGroup section */

/* Begin PBXNativeTarget section */
		0693AD2A24EE353100908EC6 /* SaveMyDefaults */ = {
			isa = PBXNativeTarget;
			buildConfigurationList = 0693AD5524EE353200908EC6 /* Build configuration list for PBXNativeTarget "SaveMyDefaults" */;
			buildPhases = (
				0693AD2724EE353100908EC6 /* Sources */,
				0693AD2824EE353100908EC6 /* Frameworks */,
				0693AD2924EE353100908EC6 /* Resources */,
			);
			buildRules = (
			);
			dependencies = (
			);
			name = SaveMyDefaults;
			productName = SaveMyDefaults;
			productReference = 0693AD2B24EE353100908EC6 /* SaveMyDefaults.app */;
			productType = "com.apple.product-type.application";
		};
		0693AD4024EE353200908EC6 /* SaveMyDefaultsTests */ = {
			isa = PBXNativeTarget;
			buildConfigurationList = 0693AD5824EE353200908EC6 /* Build configuration list for PBXNativeTarget "SaveMyDefaultsTests" */;
			buildPhases = (
				0693AD3D24EE353200908EC6 /* Sources */,
				0693AD3E24EE353200908EC6 /* Frameworks */,
				0693AD3F24EE353200908EC6 /* Resources */,
			);
			buildRules = (
			);
			dependencies = (
				0693AD4324EE353200908EC6 /* PBXTargetDependency */,
			);
			name = SaveMyDefaultsTests;
			productName = SaveMyDefaultsTests;
			productReference = 0693AD4124EE353200908EC6 /* SaveMyDefaultsTests.xctest */;
			productType = "com.apple.product-type.bundle.unit-test";
		};
		0693AD4B24EE353200908EC6 /* SaveMyDefaultsUITests */ = {
			isa = PBXNativeTarget;
			buildConfigurationList = 0693AD5B24EE353200908EC6 /* Build configuration list for PBXNativeTarget "SaveMyDefaultsUITests" */;
			buildPhases = (
				0693AD4824EE353200908EC6 /* Sources */,
				0693AD4924EE353200908EC6 /* Frameworks */,
				0693AD4A24EE353200908EC6 /* Resources */,
			);
			buildRules = (
			);
			dependencies = (
				0693AD4E24EE353200908EC6 /* PBXTargetDependency */,
			);
			name = SaveMyDefaultsUITests;
			productName = SaveMyDefaultsUITests;
			productReference = 0693AD4C24EE353200908EC6 /* SaveMyDefaultsUITests.xctest */;
			productType = "com.apple.product-type.bundle.ui-testing";
		};
/* End PBXNativeTarget section */

/* Begin PBXProject section */
		0693AD2324EE353100908EC6 /* Project object */ = {
			isa = PBXProject;
			attributes = {
				LastSwiftUpdateCheck = 1130;
				LastUpgradeCheck = 1130;
				ORGANIZATIONNAME = "Emily Gutierrez";
				TargetAttributes = {
					0693AD2A24EE353100908EC6 = {
						CreatedOnToolsVersion = 11.3.1;
					};
					0693AD4024EE353200908EC6 = {
						CreatedOnToolsVersion = 11.3.1;
						TestTargetID = 0693AD2A24EE353100908EC6;
					};
					0693AD4B24EE353200908EC6 = {
						CreatedOnToolsVersion = 11.3.1;
						TestTargetID = 0693AD2A24EE353100908EC6;
					};
				};
			};
			buildConfigurationList = 0693AD2624EE353100908EC6 /* Build configuration list for PBXProject "SaveMyDefaults" */;
			compatibilityVersion = "Xcode 9.3";
			developmentRegion = en;
			hasScannedForEncodings = 0;
			knownRegions = (
				en,
				Base,
			);
			mainGroup = 0693AD2224EE353100908EC6;
			productRefGroup = 0693AD2C24EE353100908EC6 /* Products */;
			projectDirPath = "";
			projectRoot = "";
			targets = (
				0693AD2A24EE353100908EC6 /* SaveMyDefaults */,
				0693AD4024EE353200908EC6 /* SaveMyDefaultsTests */,
				0693AD4B24EE353200908EC6 /* SaveMyDefaultsUITests */,
			);
		};
/* End PBXProject section */

/* Begin PBXResourcesBuildPhase section */
		0693AD2924EE353100908EC6 /* Resources */ = {
			isa = PBXResourcesBuildPhase;
			buildActionMask = 2147483647;
			files = (
				0693AD5F24EE372F00908EC6 /* download-2.jpg in Resources */,
				0693AD3B24EE353200908EC6 /* LaunchScreen.storyboard in Resources */,
				0693AD3824EE353200908EC6 /* Assets.xcassets in Resources */,
				0693AD3624EE353100908EC6 /* Main.storyboard in Resources */,
			);
			runOnlyForDeploymentPostprocessing = 0;
		};
		0693AD3F24EE353200908EC6 /* Resources */ = {
			isa = PBXResourcesBuildPhase;
			buildActionMask = 2147483647;
			files = (
			);
			runOnlyForDeploymentPostprocessing = 0;
		};
		0693AD4A24EE353200908EC6 /* Resources */ = {
			isa = PBXResourcesBuildPhase;
			buildActionMask = 2147483647;
			files = (
			);
			runOnlyForDeploymentPostprocessing = 0;
		};
/* End PBXResourcesBuildPhase section */

/* Begin PBXSourcesBuildPhase section */
		0693AD2724EE353100908EC6 /* Sources */ = {
			isa = PBXSourcesBuildPhase;
			buildActionMask = 2147483647;
			files = (
				0693AD3324EE353100908EC6 /* ViewController.swift in Sources */,
				0693AD2F24EE353100908EC6 /* AppDelegate.swift in Sources */,
				0693AD3124EE353100908EC6 /* SceneDelegate.swift in Sources */,
			);
			runOnlyForDeploymentPostprocessing = 0;
		};
		0693AD3D24EE353200908EC6 /* Sources */ = {
			isa = PBXSourcesBuildPhase;
			buildActionMask = 2147483647;
			files = (
				0693AD4624EE353200908EC6 /* SaveMyDefaultsTests.swift in Sources */,
			);
			runOnlyForDeploymentPostprocessing = 0;
		};
		0693AD4824EE353200908EC6 /* Sources */ = {
			isa = PBXSourcesBuildPhase;
			buildActionMask = 2147483647;
			files = (
				0693AD5124EE353200908EC6 /* SaveMyDefaultsUITests.swift in Sources */,
			);
			runOnlyForDeploymentPostprocessing = 0;
		};
/* End PBXSourcesBuildPhase section */

/* Begin PBXTargetDependency section */
		0693AD4324EE353200908EC6 /* PBXTargetDependency */ = {
			isa = PBXTargetDependency;
			target = 0693AD2A24EE353100908EC6 /* SaveMyDefaults */;
			targetProxy = 0693AD4224EE353200908EC6 /* PBXContainerItemProxy */;
		};
		0693AD4E24EE353200908EC6 /* PBXTargetDependency */ = {
			isa = PBXTargetDependency;
			target = 0693AD2A24EE353100908EC6 /* SaveMyDefaults */;
			targetProxy = 0693AD4D24EE353200908EC6 /* PBXContainerItemProxy */;
		};
/* End PBXTargetDependency section */

/* Begin PBXVariantGroup section */
		0693AD3424EE353100908EC6 /* Main.storyboard */ = {
			isa = PBXVariantGroup;
			children = (
				0693AD3524EE353100908EC6 /* Base */,
			);
			name = Main.storyboard;
			sourceTree = "<group>";
		};
		0693AD3924EE353200908EC6 /* LaunchScreen.storyboard */ = {
			isa = PBXVariantGroup;
			children = (
				0693AD3A24EE353200908EC6 /* Base */,
			);
			name = LaunchScreen.storyboard;
			sourceTree = "<group>";
		};
/* End PBXVariantGroup section */

/* Begin XCBuildConfiguration section */
		0693AD5324EE353200908EC6 /* Debug */ = {
			isa = XCBuildConfiguration;
			buildSettings = {
				ALWAYS_SEARCH_USER_PATHS = NO;
				CLANG_ANALYZER_NONNULL = YES;
				CLANG_ANALYZER_NUMBER_OBJECT_CONVERSION = YES_AGGRESSIVE;
				CLANG_CXX_LANGUAGE_STANDARD = "gnu++14";
				CLANG_CXX_LIBRARY = "libc++";
				CLANG_ENABLE_MODULES = YES;
				CLANG_ENABLE_OBJC_ARC = YES;
				CLANG_ENABLE_OBJC_WEAK = YES;
				CLANG_WARN_BLOCK_CAPTURE_AUTORELEASING = YES;
				CLANG_WARN_BOOL_CONVERSION = YES;
				CLANG_WARN_COMMA = YES;
				CLANG_WARN_CONSTANT_CONVERSION = YES;
				CLANG_WARN_DEPRECATED_OBJC_IMPLEMENTATIONS = YES;
				CLANG_WARN_DIRECT_OBJC_ISA_USAGE = YES_ERROR;
				CLANG_WARN_DOCUMENTATION_COMMENTS = YES;
				CLANG_WARN_EMPTY_BODY = YES;
				CLANG_WARN_ENUM_CONVERSION = YES;
				CLANG_WARN_INFINITE_RECURSION = YES;
				CLANG_WARN_INT_CONVERSION = YES;
				CLANG_WARN_NON_LITERAL_NULL_CONVERSION = YES;
				CLANG_WARN_OBJC_IMPLICIT_RETAIN_SELF = YES;
				CLANG_WARN_OBJC_LITERAL_CONVERSION = YES;
				CLANG_WARN_OBJC_ROOT_CLASS = YES_ERROR;
				CLANG_WARN_RANGE_LOOP_ANALYSIS = YES;
				CLANG_WARN_STRICT_PROTOTYPES = YES;
				CLANG_WARN_SUSPICIOUS_MOVE = YES;
				CLANG_WARN_UNGUARDED_AVAILABILITY = YES_AGGRESSIVE;
				CLANG_WARN_UNREACHABLE_CODE = YES;
				CLANG_WARN__DUPLICATE_METHOD_MATCH = YES;
				COPY_PHASE_STRIP = NO;
				DEBUG_INFORMATION_FORMAT = dwarf;
				ENABLE_STRICT_OBJC_MSGSEND = YES;
				ENABLE_TESTABILITY = YES;
				GCC_C_LANGUAGE_STANDARD = gnu11;
				GCC_DYNAMIC_NO_PIC = NO;
				GCC_NO_COMMON_BLOCKS = YES;
				GCC_OPTIMIZATION_LEVEL = 0;
				GCC_PREPROCESSOR_DEFINITIONS = (
					"DEBUG=1",
					"$(inherited)",
				);
				GCC_WARN_64_TO_32_BIT_CONVERSION = YES;
				GCC_WARN_ABOUT_RETURN_TYPE = YES_ERROR;
				GCC_WARN_UNDECLARED_SELECTOR = YES;
				GCC_WARN_UNINITIALIZED_AUTOS = YES_AGGRESSIVE;
				GCC_WARN_UNUSED_FUNCTION = YES;
				GCC_WARN_UNUSED_VARIABLE = YES;
				IPHONEOS_DEPLOYMENT_TARGET = 13.2;
				MTL_ENABLE_DEBUG_INFO = INCLUDE_SOURCE;
				MTL_FAST_MATH = YES;
				ONLY_ACTIVE_ARCH = YES;
				SDKROOT = iphoneos;
				SWIFT_ACTIVE_COMPILATION_CONDITIONS = DEBUG;
				SWIFT_OPTIMIZATION_LEVEL = "-Onone";
			};
			name = Debug;
		};
		0693AD5424EE353200908EC6 /* Release */ = {
			isa = XCBuildConfiguration;
			buildSettings = {
				ALWAYS_SEARCH_USER_PATHS = NO;
				CLANG_ANALYZER_NONNULL = YES;
				CLANG_ANALYZER_NUMBER_OBJECT_CONVERSION = YES_AGGRESSIVE;
				CLANG_CXX_LANGUAGE_STANDARD = "gnu++14";
				CLANG_CXX_LIBRARY = "libc++";
				CLANG_ENABLE_MODULES = YES;
				CLANG_ENABLE_OBJC_ARC = YES;
				CLANG_ENABLE_OBJC_WEAK = YES;
				CLANG_WARN_BLOCK_CAPTURE_AUTORELEASING = YES;
				CLANG_WARN_BOOL_CONVERSION = YES;
				CLANG_WARN_COMMA = YES;
				CLANG_WARN_CONSTANT_CONVERSION = YES;
				CLANG_WARN_DEPRECATED_OBJC_IMPLEMENTATIONS = YES;
				CLANG_WARN_DIRECT_OBJC_ISA_USAGE = YES_ERROR;
				CLANG_WARN_DOCUMENTATION_COMMENTS = YES;
				CLANG_WARN_EMPTY_BODY = YES;
				CLANG_WARN_ENUM_CONVERSION = YES;
				CLANG_WARN_INFINITE_RECURSION = YES;
				CLANG_WARN_INT_CONVERSION = YES;
				CLANG_WARN_NON_LITERAL_NULL_CONVERSION = YES;
				CLANG_WARN_OBJC_IMPLICIT_RETAIN_SELF = YES;
				CLANG_WARN_OBJC_LITERAL_CONVERSION = YES;
				CLANG_WARN_OBJC_ROOT_CLASS = YES_ERROR;
				CLANG_WARN_RANGE_LOOP_ANALYSIS = YES;
				CLANG_WARN_STRICT_PROTOTYPES = YES;
				CLANG_WARN_SUSPICIOUS_MOVE = YES;
				CLANG_WARN_UNGUARDED_AVAILABILITY = YES_AGGRESSIVE;
				CLANG_WARN_UNREACHABLE_CODE = YES;
				CLANG_WARN__DUPLICATE_METHOD_MATCH = YES;
				COPY_PHASE_STRIP = NO;
				DEBUG_INFORMATION_FORMAT = "dwarf-with-dsym";
				ENABLE_NS_ASSERTIONS = NO;
				ENABLE_STRICT_OBJC_MSGSEND = YES;
				GCC_C_LANGUAGE_STANDARD = gnu11;
				GCC_NO_COMMON_BLOCKS = YES;
				GCC_WARN_64_TO_32_BIT_CONVERSION = YES;
				GCC_WARN_ABOUT_RETURN_TYPE = YES_ERROR;
				GCC_WARN_UNDECLARED_SELECTOR = YES;
				GCC_WARN_UNINITIALIZED_AUTOS = YES_AGGRESSIVE;
				GCC_WARN_UNUSED_FUNCTION = YES;
				GCC_WARN_UNUSED_VARIABLE = YES;
				IPHONEOS_DEPLOYMENT_TARGET = 13.2;
				MTL_ENABLE_DEBUG_INFO = NO;
				MTL_FAST_MATH = YES;
				SDKROOT = iphoneos;
				SWIFT_COMPILATION_MODE = wholemodule;
				SWIFT_OPTIMIZATION_LEVEL = "-O";
				VALIDATE_PRODUCT = YES;
			};
			name = Release;
		};
		0693AD5624EE353200908EC6 /* Debug */ = {
			isa = XCBuildConfiguration;
			buildSettings = {
				ASSETCATALOG_COMPILER_APPICON_NAME = AppIcon;
				CODE_SIGN_STYLE = Automatic;
				INFOPLIST_FILE = SaveMyDefaults/Info.plist;
				LD_RUNPATH_SEARCH_PATHS = (
					"$(inherited)",
					"@executable_path/Frameworks",
				);
				PRODUCT_BUNDLE_IDENTIFIER = bookcomic.SaveMyDefaults;
				PRODUCT_NAME = "$(TARGET_NAME)";
				SWIFT_VERSION = 5.0;
				TARGETED_DEVICE_FAMILY = "1,2";
			};
			name = Debug;
		};
		0693AD5724EE353200908EC6 /* Release */ = {
			isa = XCBuildConfiguration;
			buildSettings = {
				ASSETCATALOG_COMPILER_APPICON_NAME = AppIcon;
				CODE_SIGN_STYLE = Automatic;
				INFOPLIST_FILE = SaveMyDefaults/Info.plist;
				LD_RUNPATH_SEARCH_PATHS = (
					"$(inherited)",
					"@executable_path/Frameworks",
				);
				PRODUCT_BUNDLE_IDENTIFIER = bookcomic.SaveMyDefaults;
				PRODUCT_NAME = "$(TARGET_NAME)";
				SWIFT_VERSION = 5.0;
				TARGETED_DEVICE_FAMILY = "1,2";
			};
			name = Release;
		};
		0693AD5924EE353200908EC6 /* Debug */ = {
			isa = XCBuildConfiguration;
			buildSettings = {
				ALWAYS_EMBED_SWIFT_STANDARD_LIBRARIES = YES;
				BUNDLE_LOADER = "$(TEST_HOST)";
				CODE_SIGN_STYLE = Automatic;
				INFOPLIST_FILE = SaveMyDefaultsTests/Info.plist;
				IPHONEOS_DEPLOYMENT_TARGET = 13.2;
				LD_RUNPATH_SEARCH_PATHS = (
					"$(inherited)",
					"@executable_path/Frameworks",
					"@loader_path/Frameworks",
				);
				PRODUCT_BUNDLE_IDENTIFIER = bookcomic.SaveMyDefaultsTests;
				PRODUCT_NAME = "$(TARGET_NAME)";
				SWIFT_VERSION = 5.0;
				TARGETED_DEVICE_FAMILY = "1,2";
				TEST_HOST = "$(BUILT_PRODUCTS_DIR)/SaveMyDefaults.app/SaveMyDefaults";
			};
			name = Debug;
		};
		0693AD5A24EE353200908EC6 /* Release */ = {
			isa = XCBuildConfiguration;
			buildSettings = {
				ALWAYS_EMBED_SWIFT_STANDARD_LIBRARIES = YES;
				BUNDLE_LOADER = "$(TEST_HOST)";
				CODE_SIGN_STYLE = Automatic;
				INFOPLIST_FILE = SaveMyDefaultsTests/Info.plist;
				IPHONEOS_DEPLOYMENT_TARGET = 13.2;
				LD_RUNPATH_SEARCH_PATHS = (
					"$(inherited)",
					"@executable_path/Frameworks",
					"@loader_path/Frameworks",
				);
				PRODUCT_BUNDLE_IDENTIFIER = bookcomic.SaveMyDefaultsTests;
				PRODUCT_NAME = "$(TARGET_NAME)";
				SWIFT_VERSION = 5.0;
				TARGETED_DEVICE_FAMILY = "1,2";
				TEST_HOST = "$(BUILT_PRODUCTS_DIR)/SaveMyDefaults.app/SaveMyDefaults";
			};
			name = Release;
		};
		0693AD5C24EE353200908EC6 /* Debug */ = {
			isa = XCBuildConfiguration;
			buildSettings = {
				ALWAYS_EMBED_SWIFT_STANDARD_LIBRARIES = YES;
				CODE_SIGN_STYLE = Automatic;
				INFOPLIST_FILE = SaveMyDefaultsUITests/Info.plist;
				LD_RUNPATH_SEARCH_PATHS = (
					"$(inherited)",
					"@executable_path/Frameworks",
					"@loader_path/Frameworks",
				);
				PRODUCT_BUNDLE_IDENTIFIER = bookcomic.SaveMyDefaultsUITests;
				PRODUCT_NAME = "$(TARGET_NAME)";
				SWIFT_VERSION = 5.0;
				TARGETED_DEVICE_FAMILY = "1,2";
				TEST_TARGET_NAME = SaveMyDefaults;
			};
			name = Debug;
		};
		0693AD5D24EE353200908EC6 /* Release */ = {
			isa = XCBuildConfiguration;
			buildSettings = {
				ALWAYS_EMBED_SWIFT_STANDARD_LIBRARIES = YES;
				CODE_SIGN_STYLE = Automatic;
				INFOPLIST_FILE = SaveMyDefaultsUITests/Info.plist;
				LD_RUNPATH_SEARCH_PATHS = (
					"$(inherited)",
					"@executable_path/Frameworks",
					"@loader_path/Frameworks",
				);
				PRODUCT_BUNDLE_IDENTIFIER = bookcomic.SaveMyDefaultsUITests;
				PRODUCT_NAME = "$(TARGET_NAME)";
				SWIFT_VERSION = 5.0;
				TARGETED_DEVICE_FAMILY = "1,2";
				TEST_TARGET_NAME = SaveMyDefaults;
			};
			name = Release;
		};
/* End XCBuildConfiguration section */

/* Begin XCConfigurationList section */
		0693AD2624EE353100908EC6 /* Build configuration list for PBXProject "SaveMyDefaults" */ = {
			isa = XCConfigurationList;
			buildConfigurations = (
				0693AD5324EE353200908EC6 /* Debug */,
				0693AD5424EE353200908EC6 /* Release */,
			);
			defaultConfigurationIsVisible = 0;
			defaultConfigurationName = Release;
		};
		0693AD5524EE353200908EC6 /* Build configuration list for PBXNativeTarget "SaveMyDefaults" */ = {
			isa = XCConfigurationList;
			buildConfigurations = (
				0693AD5624EE353200908EC6 /* Debug */,
				0693AD5724EE353200908EC6 /* Release */,
			);
			defaultConfigurationIsVisible = 0;
			defaultConfigurationName = Release;
		};
		0693AD5824EE353200908EC6 /* Build configuration list for PBXNativeTarget "SaveMyDefaultsTests" */ = {
			isa = XCConfigurationList;
			buildConfigurations = (
				0693AD5924EE353200908EC6 /* Debug */,
				0693AD5A24EE353200908EC6 /* Release */,
			);
			defaultConfigurationIsVisible = 0;
			defaultConfigurationName = Release;
		};
		0693AD5B24EE353200908EC6 /* Build configuration list for PBXNativeTarget "SaveMyDefaultsUITests" */ = {
			isa = XCConfigurationList;
			buildConfigurations = (
				0693AD5C24EE353200908EC6 /* Debug */,
				0693AD5D24EE353200908EC6 /* Release */,
			);
			defaultConfigurationIsVisible = 0;
			defaultConfigurationName = Release;
		};
/* End XCConfigurationList section */
	};
	rootObject = 0693AD2324EE353100908EC6 /* Project object */;
}
